# THIS IS AN AUTOGENERATED FILE. DO NOT EDIT THIS FILE DIRECTLY.
# yarn lockfile v1


"@types/geojson@*":
  version "7946.0.2"
  resolved "https://registry.yarnpkg.com/@types/geojson/-/geojson-7946.0.2.tgz#0bd0a01ef04e813c2b7580318da9e37c2eadea9c"

"@types/highcharts@^5.0.22":
  version "5.0.22"
  resolved "https://registry.yarnpkg.com/@types/highcharts/-/highcharts-5.0.22.tgz#60ebd8857c4a81e33360e623551d1e7ec896c759"
  dependencies:
    "@types/geojson" "*"

highcharts@^6.1.0:
  version "6.1.0"
  resolved "https://registry.yarnpkg.com/highcharts/-/highcharts-6.1.0.tgz#115a6ee10ad36a53d9913f1030c6d46da16c7cb5"

yarn@^1.6.0:
  version "1.6.0"
  resolved "https://registry.yarnpkg.com/yarn/-/yarn-1.6.0.tgz#9cec6f7986dc237d39ec705ce74d95155fe55d4b"
