# THIS IS AN AUTOGENERATED FILE. DO NOT EDIT THIS FILE DIRECTLY.
# yarn lockfile v1


"@types/geojson@*":
  version "7946.0.2"
  resolved "https://registry.yarnpkg.com/@types/geojson/-/geojson-7946.0.2.tgz#0bd0a01ef04e813c2b7580318da9e37c2eadea9c"

"@types/highcharts@^5.0.22":
  version "5.0.22"
  resolved "https://registry.yarnpkg.com/@types/highcharts/-/highcharts-5.0.22.tgz#60ebd8857c4a81e33360e623551d1e7ec896c759"
  dependencies:
    "@types/geojson" "*"

"@types/node@^10.0.4":
  version "10.0.4"
  resolved "https://registry.yarnpkg.com/@types/node/-/node-10.0.4.tgz#130598ee56e9a1210a53f557d64935571f05390d"

ansi-styles@^3.2.1:
  version "3.2.1"
  resolved "https://registry.yarnpkg.com/ansi-styles/-/ansi-styles-3.2.1.tgz#41fbb20243e50b12be0f04b8dedbf07520ce841d"
  dependencies:
    color-convert "^1.9.0"

chalk@^2.4.1:
  version "2.4.1"
  resolved "https://registry.yarnpkg.com/chalk/-/chalk-2.4.1.tgz#18c49ab16a037b6eb0152cc83e3471338215b66e"
  dependencies:
    ansi-styles "^3.2.1"
    escape-string-regexp "^1.0.5"
    supports-color "^5.3.0"

color-convert@^1.9.0:
  version "1.9.1"
  resolved "https://registry.yarnpkg.com/color-convert/-/color-convert-1.9.1.tgz#c1261107aeb2f294ebffec9ed9ecad529a6097ed"
  dependencies:
    color-name "^1.1.1"

color-name@^1.1.1:
  version "1.1.3"
  resolved "https://registry.yarnpkg.com/color-name/-/color-name-1.1.3.tgz#a7d0558bd89c42f795dd42328f740831ca53bc25"

escape-string-regexp@^1.0.5:
  version "1.0.5"
  resolved "https://registry.yarnpkg.com/escape-string-regexp/-/escape-string-regexp-1.0.5.tgz#1b61c0562190a8dff6ae3bb2cf0200ca130b86d4"

has-flag@^3.0.0:
  version "3.0.0"
  resolved "https://registry.yarnpkg.com/has-flag/-/has-flag-3.0.0.tgz#b5d454dc2199ae225699f3467e5a07f3b955bafd"

highcharts@^6.1.0:
  version "6.1.0"
  resolved "https://registry.yarnpkg.com/highcharts/-/highcharts-6.1.0.tgz#115a6ee10ad36a53d9913f1030c6d46da16c7cb5"

moment@^2.22.1:
  version "2.22.1"
  resolved "https://registry.yarnpkg.com/moment/-/moment-2.22.1.tgz#529a2e9bf973f259c9643d237fda84de3a26e8ad"

printj@^1.1.2:
  version "1.1.2"
  resolved "https://registry.yarnpkg.com/printj/-/printj-1.1.2.tgz#d90deb2975a8b9f600fb3a1c94e3f4c53c78a222"

supports-color@^5.3.0:
  version "5.4.0"
  resolved "https://registry.yarnpkg.com/supports-color/-/supports-color-5.4.0.tgz#1c6b337402c2137605efe19f10fec390f6faab54"
  dependencies:
    has-flag "^3.0.0"

yarn@^1.6.0:
  version "1.6.0"
  resolved "https://registry.yarnpkg.com/yarn/-/yarn-1.6.0.tgz#9cec6f7986dc237d39ec705ce74d95155fe55d4b"
